// !$*UTF8*$!
{
	archiveVersion = 1;
	classes = {
	};
	objectVersion = 55;
	objects = {

/* Begin PBXBuildFile section */
		A2294F3A27C761A300B7486E /* DanilovOtusDZ2App.swift in Sources */ = {isa = PBXBuildFile; fileRef = A2294F3927C761A300B7486E /* DanilovOtusDZ2App.swift */; };
		A2294F3E27C761A500B7486E /* Assets.xcassets in Resources */ = {isa = PBXBuildFile; fileRef = A2294F3D27C761A500B7486E /* Assets.xcassets */; };
		A2294F4127C761A500B7486E /* Preview Assets.xcassets in Resources */ = {isa = PBXBuildFile; fileRef = A2294F4027C761A500B7486E /* Preview Assets.xcassets */; };
		A2294F4B27C761FC00B7486E /* news.json in Resources */ = {isa = PBXBuildFile; fileRef = A2294F4A27C761FC00B7486E /* news.json */; };
		A2294F4D27C7623600B7486E /* NewsAPI.swift in Sources */ = {isa = PBXBuildFile; fileRef = A2294F4C27C7623600B7486E /* NewsAPI.swift */; };
		A2294F4F27C7624B00B7486E /* Article.swift in Sources */ = {isa = PBXBuildFile; fileRef = A2294F4E27C7624B00B7486E /* Article.swift */; };
		A2294F5127C7626600B7486E /* NewsAPIResponse.swift in Sources */ = {isa = PBXBuildFile; fileRef = A2294F5027C7626600B7486E /* NewsAPIResponse.swift */; };
		A2294F5327C762C700B7486E /* ArticleRowView.swift in Sources */ = {isa = PBXBuildFile; fileRef = A2294F5227C762C700B7486E /* ArticleRowView.swift */; };
		A2294F5527C762D300B7486E /* ArticleListView.swift in Sources */ = {isa = PBXBuildFile; fileRef = A2294F5427C762D300B7486E /* ArticleListView.swift */; };
		A2294F5727C7639B00B7486E /* SafariView.swift in Sources */ = {isa = PBXBuildFile; fileRef = A2294F5627C7639B00B7486E /* SafariView.swift */; };
		A2294F5A27C763BC00B7486E /* SecondScreen.swift in Sources */ = {isa = PBXBuildFile; fileRef = A2294F5927C763BC00B7486E /* SecondScreen.swift */; };
		A2294F6627C7A29500B7486E /* news2.json in Resources */ = {isa = PBXBuildFile; fileRef = A2294F6527C7A29500B7486E /* news2.json */; };
		A22DCD8527C87C6A0062B59C /* ThirdScreen.swift in Sources */ = {isa = PBXBuildFile; fileRef = A22DCD8427C87C6A0062B59C /* ThirdScreen.swift */; };
		A22DCD8727C87CB10062B59C /* FourthScreen.swift in Sources */ = {isa = PBXBuildFile; fileRef = A22DCD8627C87CB10062B59C /* FourthScreen.swift */; };
		A22DCD9B27C88F7F0062B59C /* MainTabView.swift in Sources */ = {isa = PBXBuildFile; fileRef = A22DCD9A27C88F7F0062B59C /* MainTabView.swift */; };
		A22DCDBA27C8E3760062B59C /* SwiftUIRouter in Frameworks */ = {isa = PBXBuildFile; productRef = A22DCDB927C8E3760062B59C /* SwiftUIRouter */; };
		A22DCDBC27C8E3DF0062B59C /* Routes.swift in Sources */ = {isa = PBXBuildFile; fileRef = A22DCDBB27C8E3DF0062B59C /* Routes.swift */; };
/* End PBXBuildFile section */

/* Begin PBXFileReference section */
		A2294F3627C761A300B7486E /* DanilovOtusDZ2.app */ = {isa = PBXFileReference; explicitFileType = wrapper.application; includeInIndex = 0; path = DanilovOtusDZ2.app; sourceTree = BUILT_PRODUCTS_DIR; };
		A2294F3927C761A300B7486E /* DanilovOtusDZ2App.swift */ = {isa = PBXFileReference; lastKnownFileType = sourcecode.swift; path = DanilovOtusDZ2App.swift; sourceTree = "<group>"; };
		A2294F3D27C761A500B7486E /* Assets.xcassets */ = {isa = PBXFileReference; lastKnownFileType = folder.assetcatalog; path = Assets.xcassets; sourceTree = "<group>"; };
		A2294F4027C761A500B7486E /* Preview Assets.xcassets */ = {isa = PBXFileReference; lastKnownFileType = folder.assetcatalog; path = "Preview Assets.xcassets"; sourceTree = "<group>"; };
		A2294F4A27C761FC00B7486E /* news.json */ = {isa = PBXFileReference; lastKnownFileType = text.json; path = news.json; sourceTree = "<group>"; };
		A2294F4C27C7623600B7486E /* NewsAPI.swift */ = {isa = PBXFileReference; lastKnownFileType = sourcecode.swift; path = NewsAPI.swift; sourceTree = "<group>"; };
		A2294F4E27C7624B00B7486E /* Article.swift */ = {isa = PBXFileReference; lastKnownFileType = sourcecode.swift; path = Article.swift; sourceTree = "<group>"; };
		A2294F5027C7626600B7486E /* NewsAPIResponse.swift */ = {isa = PBXFileReference; lastKnownFileType = sourcecode.swift; path = NewsAPIResponse.swift; sourceTree = "<group>"; };
		A2294F5227C762C700B7486E /* ArticleRowView.swift */ = {isa = PBXFileReference; lastKnownFileType = sourcecode.swift; path = ArticleRowView.swift; sourceTree = "<group>"; };
		A2294F5427C762D300B7486E /* ArticleListView.swift */ = {isa = PBXFileReference; lastKnownFileType = sourcecode.swift; path = ArticleListView.swift; sourceTree = "<group>"; };
		A2294F5627C7639B00B7486E /* SafariView.swift */ = {isa = PBXFileReference; lastKnownFileType = sourcecode.swift; path = SafariView.swift; sourceTree = "<group>"; };
		A2294F5927C763BC00B7486E /* SecondScreen.swift */ = {isa = PBXFileReference; lastKnownFileType = sourcecode.swift; path = SecondScreen.swift; sourceTree = "<group>"; };
		A2294F6527C7A29500B7486E /* news2.json */ = {isa = PBXFileReference; lastKnownFileType = text.json; path = news2.json; sourceTree = "<group>"; };
		A2294F6927C7B7D100B7486E /* Info.plist */ = {isa = PBXFileReference; lastKnownFileType = text.plist; path = Info.plist; sourceTree = "<group>"; };
		A22DCD8427C87C6A0062B59C /* ThirdScreen.swift */ = {isa = PBXFileReference; lastKnownFileType = sourcecode.swift; path = ThirdScreen.swift; sourceTree = "<group>"; };
		A22DCD8627C87CB10062B59C /* FourthScreen.swift */ = {isa = PBXFileReference; lastKnownFileType = sourcecode.swift; path = FourthScreen.swift; sourceTree = "<group>"; };
		A22DCD9A27C88F7F0062B59C /* MainTabView.swift */ = {isa = PBXFileReference; lastKnownFileType = sourcecode.swift; path = MainTabView.swift; sourceTree = "<group>"; };
		A22DCDBB27C8E3DF0062B59C /* Routes.swift */ = {isa = PBXFileReference; lastKnownFileType = sourcecode.swift; path = Routes.swift; sourceTree = "<group>"; };
/* End PBXFileReference section */

/* Begin PBXFrameworksBuildPhase section */
		A2294F3327C761A300B7486E /* Frameworks */ = {
			isa = PBXFrameworksBuildPhase;
			buildActionMask = 2147483647;
			files = (
				A22DCDBA27C8E3760062B59C /* SwiftUIRouter in Frameworks */,
			);
			runOnlyForDeploymentPostprocessing = 0;
		};
/* End PBXFrameworksBuildPhase section */

/* Begin PBXGroup section */
		A2294F2D27C761A200B7486E = {
			isa = PBXGroup;
			children = (
				A2294F3827C761A300B7486E /* DanilovOtusDZ2 */,
				A2294F3727C761A300B7486E /* Products */,
			);
			sourceTree = "<group>";
		};
		A2294F3727C761A300B7486E /* Products */ = {
			isa = PBXGroup;
			children = (
				A2294F3627C761A300B7486E /* DanilovOtusDZ2.app */,
			);
			name = Products;
			sourceTree = "<group>";
		};
		A2294F3827C761A300B7486E /* DanilovOtusDZ2 */ = {
			isa = PBXGroup;
			children = (
				A2294F6927C7B7D100B7486E /* Info.plist */,
				A2294F5827C763AF00B7486E /* SecondView */,
				A2294F4927C761CB00B7486E /* API */,
				A2294F4827C761C500B7486E /* Model */,
				A2294F4727C761BE00B7486E /* NewsView */,
				A2294F3927C761A300B7486E /* DanilovOtusDZ2App.swift */,
				A2294F3D27C761A500B7486E /* Assets.xcassets */,
				A2294F3F27C761A500B7486E /* Preview Content */,
				A2294F4A27C761FC00B7486E /* news.json */,
				A2294F6527C7A29500B7486E /* news2.json */,
				A2294F5627C7639B00B7486E /* SafariView.swift */,
				A22DCD9A27C88F7F0062B59C /* MainTabView.swift */,
				A22DCDBB27C8E3DF0062B59C /* Routes.swift */,
			);
			path = DanilovOtusDZ2;
			sourceTree = "<group>";
		};
		A2294F3F27C761A500B7486E /* Preview Content */ = {
			isa = PBXGroup;
			children = (
				A2294F4027C761A500B7486E /* Preview Assets.xcassets */,
			);
			path = "Preview Content";
			sourceTree = "<group>";
		};
		A2294F4727C761BE00B7486E /* NewsView */ = {
			isa = PBXGroup;
			children = (
				A2294F5227C762C700B7486E /* ArticleRowView.swift */,
				A2294F5427C762D300B7486E /* ArticleListView.swift */,
			);
			path = NewsView;
			sourceTree = "<group>";
		};
		A2294F4827C761C500B7486E /* Model */ = {
			isa = PBXGroup;
			children = (
				A2294F4E27C7624B00B7486E /* Article.swift */,
				A2294F5027C7626600B7486E /* NewsAPIResponse.swift */,
			);
			path = Model;
			sourceTree = "<group>";
		};
		A2294F4927C761CB00B7486E /* API */ = {
			isa = PBXGroup;
			children = (
				A2294F4C27C7623600B7486E /* NewsAPI.swift */,
			);
			path = API;
			sourceTree = "<group>";
		};
		A2294F5827C763AF00B7486E /* SecondView */ = {
			isa = PBXGroup;
			children = (
				A2294F5927C763BC00B7486E /* SecondScreen.swift */,
				A22DCD8427C87C6A0062B59C /* ThirdScreen.swift */,
				A22DCD8627C87CB10062B59C /* FourthScreen.swift */,
			);
			path = SecondView;
			sourceTree = "<group>";
		};
/* End PBXGroup section */

/* Begin PBXNativeTarget section */
		A2294F3527C761A300B7486E /* DanilovOtusDZ2 */ = {
			isa = PBXNativeTarget;
			buildConfigurationList = A2294F4427C761A500B7486E /* Build configuration list for PBXNativeTarget "DanilovOtusDZ2" */;
			buildPhases = (
				A2294F3227C761A300B7486E /* Sources */,
				A2294F3327C761A300B7486E /* Frameworks */,
				A2294F3427C761A300B7486E /* Resources */,
			);
			buildRules = (
			);
			dependencies = (
			);
			name = DanilovOtusDZ2;
			packageProductDependencies = (
				A22DCDB927C8E3760062B59C /* SwiftUIRouter */,
			);
			productName = DanilovOtusDZ2;
			productReference = A2294F3627C761A300B7486E /* DanilovOtusDZ2.app */;
			productType = "com.apple.product-type.application";
		};
/* End PBXNativeTarget section */

/* Begin PBXProject section */
		A2294F2E27C761A200B7486E /* Project object */ = {
			isa = PBXProject;
			attributes = {
				BuildIndependentTargetsInParallel = 1;
				LastSwiftUpdateCheck = 1320;
				LastUpgradeCheck = 1320;
				TargetAttributes = {
					A2294F3527C761A300B7486E = {
						CreatedOnToolsVersion = 13.2.1;
					};
				};
			};
			buildConfigurationList = A2294F3127C761A200B7486E /* Build configuration list for PBXProject "DanilovOtusDZ2" */;
			compatibilityVersion = "Xcode 13.0";
			developmentRegion = en;
			hasScannedForEncodings = 0;
			knownRegions = (
				en,
				Base,
			);
			mainGroup = A2294F2D27C761A200B7486E;
			packageReferences = (
				A22DCDB827C8E3760062B59C /* XCRemoteSwiftPackageReference "SwiftUIRouter" */,
			);
			productRefGroup = A2294F3727C761A300B7486E /* Products */;
			projectDirPath = "";
			projectRoot = "";
			targets = (
				A2294F3527C761A300B7486E /* DanilovOtusDZ2 */,
			);
		};
/* End PBXProject section */

/* Begin PBXResourcesBuildPhase section */
		A2294F3427C761A300B7486E /* Resources */ = {
			isa = PBXResourcesBuildPhase;
			buildActionMask = 2147483647;
			files = (
				A2294F4B27C761FC00B7486E /* news.json in Resources */,
				A2294F6627C7A29500B7486E /* news2.json in Resources */,
				A2294F4127C761A500B7486E /* Preview Assets.xcassets in Resources */,
				A2294F3E27C761A500B7486E /* Assets.xcassets in Resources */,
			);
			runOnlyForDeploymentPostprocessing = 0;
		};
/* End PBXResourcesBuildPhase section */

/* Begin PBXSourcesBuildPhase section */
		A2294F3227C761A300B7486E /* Sources */ = {
			isa = PBXSourcesBuildPhase;
			buildActionMask = 2147483647;
			files = (
				A22DCDBC27C8E3DF0062B59C /* Routes.swift in Sources */,
				A2294F4F27C7624B00B7486E /* Article.swift in Sources */,
				A2294F5527C762D300B7486E /* ArticleListView.swift in Sources */,
				A22DCD8527C87C6A0062B59C /* ThirdScreen.swift in Sources */,
				A2294F5A27C763BC00B7486E /* SecondScreen.swift in Sources */,
				A2294F3A27C761A300B7486E /* DanilovOtusDZ2App.swift in Sources */,
				A2294F5727C7639B00B7486E /* SafariView.swift in Sources */,
				A22DCD9B27C88F7F0062B59C /* MainTabView.swift in Sources */,
				A2294F5127C7626600B7486E /* NewsAPIResponse.swift in Sources */,
				A22DCD8727C87CB10062B59C /* FourthScreen.swift in Sources */,
				A2294F5327C762C700B7486E /* ArticleRowView.swift in Sources */,
				A2294F4D27C7623600B7486E /* NewsAPI.swift in Sources */,
			);
			runOnlyForDeploymentPostprocessing = 0;
		};
/* End PBXSourcesBuildPhase section */

/* Begin XCBuildConfiguration section */
		A2294F4227C761A500B7486E /* Debug */ = {
			isa = XCBuildConfiguration;
			buildSettings = {
				ALWAYS_SEARCH_USER_PATHS = NO;
				CLANG_ANALYZER_NONNULL = YES;
				CLANG_ANALYZER_NUMBER_OBJECT_CONVERSION = YES_AGGRESSIVE;
				CLANG_CXX_LANGUAGE_STANDARD = "gnu++17";
				CLANG_CXX_LIBRARY = "libc++";
				CLANG_ENABLE_MODULES = YES;
				CLANG_ENABLE_OBJC_ARC = YES;
				CLANG_ENABLE_OBJC_WEAK = YES;
				CLANG_WARN_BLOCK_CAPTURE_AUTORELEASING = YES;
				CLANG_WARN_BOOL_CONVERSION = YES;
				CLANG_WARN_COMMA = YES;
				CLANG_WARN_CONSTANT_CONVERSION = YES;
				CLANG_WARN_DEPRECATED_OBJC_IMPLEMENTATIONS = YES;
				CLANG_WARN_DIRECT_OBJC_ISA_USAGE = YES_ERROR;
				CLANG_WARN_DOCUMENTATION_COMMENTS = YES;
				CLANG_WARN_EMPTY_BODY = YES;
				CLANG_WARN_ENUM_CONVERSION = YES;
				CLANG_WARN_INFINITE_RECURSION = YES;
				CLANG_WARN_INT_CONVERSION = YES;
				CLANG_WARN_NON_LITERAL_NULL_CONVERSION = YES;
				CLANG_WARN_OBJC_IMPLICIT_RETAIN_SELF = YES;
				CLANG_WARN_OBJC_LITERAL_CONVERSION = YES;
				CLANG_WARN_OBJC_ROOT_CLASS = YES_ERROR;
				CLANG_WARN_QUOTED_INCLUDE_IN_FRAMEWORK_HEADER = YES;
				CLANG_WARN_RANGE_LOOP_ANALYSIS = YES;
				CLANG_WARN_STRICT_PROTOTYPES = YES;
				CLANG_WARN_SUSPICIOUS_MOVE = YES;
				CLANG_WARN_UNGUARDED_AVAILABILITY = YES_AGGRESSIVE;
				CLANG_WARN_UNREACHABLE_CODE = YES;
				CLANG_WARN__DUPLICATE_METHOD_MATCH = YES;
				COPY_PHASE_STRIP = NO;
				DEBUG_INFORMATION_FORMAT = dwarf;
				ENABLE_STRICT_OBJC_MSGSEND = YES;
				ENABLE_TESTABILITY = YES;
				GCC_C_LANGUAGE_STANDARD = gnu11;
				GCC_DYNAMIC_NO_PIC = NO;
				GCC_NO_COMMON_BLOCKS = YES;
				GCC_OPTIMIZATION_LEVEL = 0;
				GCC_PREPROCESSOR_DEFINITIONS = (
					"DEBUG=1",
					"$(inherited)",
				);
				GCC_WARN_64_TO_32_BIT_CONVERSION = YES;
				GCC_WARN_ABOUT_RETURN_TYPE = YES_ERROR;
				GCC_WARN_UNDECLARED_SELECTOR = YES;
				GCC_WARN_UNINITIALIZED_AUTOS = YES_AGGRESSIVE;
				GCC_WARN_UNUSED_FUNCTION = YES;
				GCC_WARN_UNUSED_VARIABLE = YES;
				IPHONEOS_DEPLOYMENT_TARGET = 15.2;
				MTL_ENABLE_DEBUG_INFO = INCLUDE_SOURCE;
				MTL_FAST_MATH = YES;
				ONLY_ACTIVE_ARCH = YES;
				SDKROOT = iphoneos;
				SWIFT_ACTIVE_COMPILATION_CONDITIONS = DEBUG;
				SWIFT_OPTIMIZATION_LEVEL = "-Onone";
			};
			name = Debug;
		};
		A2294F4327C761A500B7486E /* Release */ = {
			isa = XCBuildConfiguration;
			buildSettings = {
				ALWAYS_SEARCH_USER_PATHS = NO;
				CLANG_ANALYZER_NONNULL = YES;
				CLANG_ANALYZER_NUMBER_OBJECT_CONVERSION = YES_AGGRESSIVE;
				CLANG_CXX_LANGUAGE_STANDARD = "gnu++17";
				CLANG_CXX_LIBRARY = "libc++";
				CLANG_ENABLE_MODULES = YES;
				CLANG_ENABLE_OBJC_ARC = YES;
				CLANG_ENABLE_OBJC_WEAK = YES;
				CLANG_WARN_BLOCK_CAPTURE_AUTORELEASING = YES;
				CLANG_WARN_BOOL_CONVERSION = YES;
				CLANG_WARN_COMMA = YES;
				CLANG_WARN_CONSTANT_CONVERSION = YES;
				CLANG_WARN_DEPRECATED_OBJC_IMPLEMENTATIONS = YES;
				CLANG_WARN_DIRECT_OBJC_ISA_USAGE = YES_ERROR;
				CLANG_WARN_DOCUMENTATION_COMMENTS = YES;
				CLANG_WARN_EMPTY_BODY = YES;
				CLANG_WARN_ENUM_CONVERSION = YES;
				CLANG_WARN_INFINITE_RECURSION = YES;
				CLANG_WARN_INT_CONVERSION = YES;
				CLANG_WARN_NON_LITERAL_NULL_CONVERSION = YES;
				CLANG_WARN_OBJC_IMPLICIT_RETAIN_SELF = YES;
				CLANG_WARN_OBJC_LITERAL_CONVERSION = YES;
				CLANG_WARN_OBJC_ROOT_CLASS = YES_ERROR;
				CLANG_WARN_QUOTED_INCLUDE_IN_FRAMEWORK_HEADER = YES;
				CLANG_WARN_RANGE_LOOP_ANALYSIS = YES;
				CLANG_WARN_STRICT_PROTOTYPES = YES;
				CLANG_WARN_SUSPICIOUS_MOVE = YES;
				CLANG_WARN_UNGUARDED_AVAILABILITY = YES_AGGRESSIVE;
				CLANG_WARN_UNREACHABLE_CODE = YES;
				CLANG_WARN__DUPLICATE_METHOD_MATCH = YES;
				COPY_PHASE_STRIP = NO;
				DEBUG_INFORMATION_FORMAT = "dwarf-with-dsym";
				ENABLE_NS_ASSERTIONS = NO;
				ENABLE_STRICT_OBJC_MSGSEND = YES;
				GCC_C_LANGUAGE_STANDARD = gnu11;
				GCC_NO_COMMON_BLOCKS = YES;
				GCC_WARN_64_TO_32_BIT_CONVERSION = YES;
				GCC_WARN_ABOUT_RETURN_TYPE = YES_ERROR;
				GCC_WARN_UNDECLARED_SELECTOR = YES;
				GCC_WARN_UNINITIALIZED_AUTOS = YES_AGGRESSIVE;
				GCC_WARN_UNUSED_FUNCTION = YES;
				GCC_WARN_UNUSED_VARIABLE = YES;
				IPHONEOS_DEPLOYMENT_TARGET = 15.2;
				MTL_ENABLE_DEBUG_INFO = NO;
				MTL_FAST_MATH = YES;
				SDKROOT = iphoneos;
				SWIFT_COMPILATION_MODE = wholemodule;
				SWIFT_OPTIMIZATION_LEVEL = "-O";
				VALIDATE_PRODUCT = YES;
			};
			name = Release;
		};
		A2294F4527C761A500B7486E /* Debug */ = {
			isa = XCBuildConfiguration;
			buildSettings = {
				ASSETCATALOG_COMPILER_APPICON_NAME = AppIcon;
				ASSETCATALOG_COMPILER_GLOBAL_ACCENT_COLOR_NAME = AccentColor;
				CODE_SIGN_STYLE = Automatic;
				CURRENT_PROJECT_VERSION = 1;
				DEVELOPMENT_ASSET_PATHS = "\"DanilovOtusDZ2/Preview Content\"";
				DEVELOPMENT_TEAM = FKJRTB74YX;
				ENABLE_PREVIEWS = YES;
				GENERATE_INFOPLIST_FILE = YES;
				INFOPLIST_FILE = DanilovOtusDZ2/Info.plist;
				INFOPLIST_KEY_UIApplicationSceneManifest_Generation = YES;
				INFOPLIST_KEY_UIApplicationSupportsIndirectInputEvents = YES;
				INFOPLIST_KEY_UILaunchScreen_Generation = YES;
				INFOPLIST_KEY_UISupportedInterfaceOrientations_iPad = "UIInterfaceOrientationPortrait UIInterfaceOrientationPortraitUpsideDown UIInterfaceOrientationLandscapeLeft UIInterfaceOrientationLandscapeRight";
				INFOPLIST_KEY_UISupportedInterfaceOrientations_iPhone = "UIInterfaceOrientationPortrait UIInterfaceOrientationLandscapeLeft UIInterfaceOrientationLandscapeRight";
				LD_RUNPATH_SEARCH_PATHS = (
					"$(inherited)",
					"@executable_path/Frameworks",
				);
				MARKETING_VERSION = 1.0;
				PRODUCT_BUNDLE_IDENTIFIER = ru.om.DanilovOtusDZ2;
				PRODUCT_NAME = "$(TARGET_NAME)";
				SWIFT_EMIT_LOC_STRINGS = YES;
				SWIFT_VERSION = 5.0;
				TARGETED_DEVICE_FAMILY = "1,2";
			};
			name = Debug;
		};
		A2294F4627C761A500B7486E /* Release */ = {
			isa = XCBuildConfiguration;
			buildSettings = {
				ASSETCATALOG_COMPILER_APPICON_NAME = AppIcon;
				ASSETCATALOG_COMPILER_GLOBAL_ACCENT_COLOR_NAME = AccentColor;
				CODE_SIGN_STYLE = Automatic;
				CURRENT_PROJECT_VERSION = 1;
				DEVELOPMENT_ASSET_PATHS = "\"DanilovOtusDZ2/Preview Content\"";
				DEVELOPMENT_TEAM = FKJRTB74YX;
				ENABLE_PREVIEWS = YES;
				GENERATE_INFOPLIST_FILE = YES;
				INFOPLIST_FILE = DanilovOtusDZ2/Info.plist;
				INFOPLIST_KEY_UIApplicationSceneManifest_Generation = YES;
				INFOPLIST_KEY_UIApplicationSupportsIndirectInputEvents = YES;
				INFOPLIST_KEY_UILaunchScreen_Generation = YES;
				INFOPLIST_KEY_UISupportedInterfaceOrientations_iPad = "UIInterfaceOrientationPortrait UIInterfaceOrientationPortraitUpsideDown UIInterfaceOrientationLandscapeLeft UIInterfaceOrientationLandscapeRight";
				INFOPLIST_KEY_UISupportedInterfaceOrientations_iPhone = "UIInterfaceOrientationPortrait UIInterfaceOrientationLandscapeLeft UIInterfaceOrientationLandscapeRight";
				LD_RUNPATH_SEARCH_PATHS = (
					"$(inherited)",
					"@executable_path/Frameworks",
				);
				MARKETING_VERSION = 1.0;
				PRODUCT_BUNDLE_IDENTIFIER = ru.om.DanilovOtusDZ2;
				PRODUCT_NAME = "$(TARGET_NAME)";
				SWIFT_EMIT_LOC_STRINGS = YES;
				SWIFT_VERSION = 5.0;
				TARGETED_DEVICE_FAMILY = "1,2";
			};
			name = Release;
		};
/* End XCBuildConfiguration section */

/* Begin XCConfigurationList section */
		A2294F3127C761A200B7486E /* Build configuration list for PBXProject "DanilovOtusDZ2" */ = {
			isa = XCConfigurationList;
			buildConfigurations = (
				A2294F4227C761A500B7486E /* Debug */,
				A2294F4327C761A500B7486E /* Release */,
			);
			defaultConfigurationIsVisible = 0;
			defaultConfigurationName = Release;
		};
		A2294F4427C761A500B7486E /* Build configuration list for PBXNativeTarget "DanilovOtusDZ2" */ = {
			isa = XCConfigurationList;
			buildConfigurations = (
				A2294F4527C761A500B7486E /* Debug */,
				A2294F4627C761A500B7486E /* Release */,
			);
			defaultConfigurationIsVisible = 0;
			defaultConfigurationName = Release;
		};
/* End XCConfigurationList section */

/* Begin XCRemoteSwiftPackageReference section */
		A22DCDB827C8E3760062B59C /* XCRemoteSwiftPackageReference "SwiftUIRouter" */ = {
			isa = XCRemoteSwiftPackageReference;
			repositoryURL = "https://github.com/OrkhanAlikhanov/SwiftUIRouter.git";
			requirement = {
				kind = upToNextMajorVersion;
				minimumVersion = 1.0.0;
			};
		};
/* End XCRemoteSwiftPackageReference section */

/* Begin XCSwiftPackageProductDependency section */
		A22DCDB927C8E3760062B59C /* SwiftUIRouter */ = {
			isa = XCSwiftPackageProductDependency;
			package = A22DCDB827C8E3760062B59C /* XCRemoteSwiftPackageReference "SwiftUIRouter" */;
			productName = SwiftUIRouter;
		};
/* End XCSwiftPackageProductDependency section */
	};
	rootObject = A2294F2E27C761A200B7486E /* Project object */;
}
